
Microsoft Visual Studio Solution File, Format Version 12.00
# Visual Studio 14
VisualStudioVersion = 14.0.25123.0
MinimumVisualStudioVersion = 10.0.40219.1
Project("{FAE04EC0-301F-11D3-BF4B-00C04F79EFBC}") = "MicrosoftOnline.Ads.BingAdsApi", "source\MicrosoftOnline.Ads.BingAdsApi.csproj", "{26AB752C-3D4A-4168-8E17-E66E0E63B1F6}"
EndProject
Project("{2150E333-8FDC-42A3-9474-1A3956D46DE8}") = "source", "source", "{642E15C8-89B8-491C-84B5-C692D592A279}"
EndProject
Project("{2150E333-8FDC-42A3-9474-1A3956D46DE8}") = "example", "example", "{0DEAF6F2-268B-4416-9D16-FA74A036BDB4}"
EndProject
Global
	GlobalSection(SolutionConfigurationPlatforms) = preSolution
		Debug|Any CPU = Debug|Any CPU
		Release|Any CPU = Release|Any CPU
	EndGlobalSection
	GlobalSection(ProjectConfigurationPlatforms) = postSolution
		{26AB752C-3D4A-4168-8E17-E66E0E63B1F6}.Debug|Any CPU.ActiveCfg = Debug|Any CPU
		{26AB752C-3D4A-4168-8E17-E66E0E63B1F6}.Debug|Any CPU.Build.0 = Debug|Any CPU
		{26AB752C-3D4A-4168-8E17-E66E0E63B1F6}.Release|Any CPU.ActiveCfg = Release|Any CPU
		{26AB752C-3D4A-4168-8E17-E66E0E63B1F6}.Release|Any CPU.Build.0 = Release|Any CPU
	EndGlobalSection
	GlobalSection(SolutionProperties) = preSolution
		HideSolutionNode = FALSE
	EndGlobalSection
	GlobalSection(NestedProjects) = preSolution
		{26AB752C-3D4A-4168-8E17-E66E0E63B1F6} = {642E15C8-89B8-491C-84B5-C692D592A279}
	EndGlobalSection
EndGlobal
